github.com/digitorus/pkcs7 v0.0.0-20260914070511-d678ea5ea03f h1:LBDTasGDT7gkpSl3tIq+V4Yy0nr+l+ZmI6VN9MY9FU0=
github.com/digitorus/pkcs7 v0.0.0-20260914070511-d678ea5ea03f/go.mod h1:OQvyvldkvDCxGsUPLSibXqM4B/Pz5RaXQP4CPo5LXs4=
github.com/digitorus/timestamp v0.0.0-20260914073129-b4b58b92aa51 h1:C5oJXjXaNiSSCs4b+yXP3JmMGKgJhuIakXD0UdjhB2k=
github.com/digitorus/timestamp v0.0.0-20260914073129-b4b58b92aa51/go.mod h1:UbWLJjUt4ChMltkeZK0SKTUViVg4839mnQmyH8QWH+Y=
gopkg.in/check.v1 v0.0.0-20161208181325-20d25e280405 h1:yhCVgyC4o1eVCa2tZl7eS0r+SDo693bJlVdllGtEeKM=
gopkg.in/check.v1 v0.0.0-20161208181325-20d25e280405/go.mod h1:Co6ibVJAznAaIkqp8huTwlJQCZ016jof/cbN4VW5Yz0=
gopkg.in/yaml.v3 v3.0.1 h1:fxVm/GzAzEWqLHuvctI91KS9hhNmmWOoWu0XTYJS7CA=
gopkg.in/yaml.v3 v3.0.1/go.mod h1:K4uyk7z7BCEPqu6E+C64Yfv1cQ7kz7rIZviUmN+EgEM=
